// !$*UTF8*$!
{
	archiveVersion = 1;
	classes = {
	};
	objectVersion = 56;
	objects = {

/* Begin PBXBuildFile section */
		56EC71CD2C27C525005F8C6E /* AppDelegate.swift in Sources */ = {isa = PBXBuildFile; fileRef = 56EC71CC2C27C525005F8C6E /* AppDelegate.swift */; };
		56EC71CF2C27C525005F8C6E /* SceneDelegate.swift in Sources */ = {isa = PBXBuildFile; fileRef = 56EC71CE2C27C525005F8C6E /* SceneDelegate.swift */; };
		56EC71D12C27C525005F8C6E /* ViewController.swift in Sources */ = {isa = PBXBuildFile; fileRef = 56EC71D02C27C525005F8C6E /* ViewController.swift */; };
		56EC71D42C27C525005F8C6E /* Base in Resources */ = {isa = PBXBuildFile; fileRef = 56EC71D32C27C525005F8C6E /* Base */; };
		56EC71D62C27C528005F8C6E /* Assets.xcassets in Resources */ = {isa = PBXBuildFile; fileRef = 56EC71D52C27C528005F8C6E /* Assets.xcassets */; };
		56EC71D92C27C528005F8C6E /* Base in Resources */ = {isa = PBXBuildFile; fileRef = 56EC71D82C27C528005F8C6E /* Base */; };
		56EC71E42C27C528005F8C6E /* CPSC5330_Assignment_5Tests.swift in Sources */ = {isa = PBXBuildFile; fileRef = 56EC71E32C27C528005F8C6E /* CPSC5330_Assignment_5Tests.swift */; };
		56EC71EE2C27C528005F8C6E /* CPSC5330_Assignment_5UITests.swift in Sources */ = {isa = PBXBuildFile; fileRef = 56EC71ED2C27C528005F8C6E /* CPSC5330_Assignment_5UITests.swift */; };
		56EC71F02C27C528005F8C6E /* CPSC5330_Assignment_5UITestsLaunchTests.swift in Sources */ = {isa = PBXBuildFile; fileRef = 56EC71EF2C27C528005F8C6E /* CPSC5330_Assignment_5UITestsLaunchTests.swift */; };
		56EC71FF2C27F156005F8C6E /* AdventureStep.swift in Sources */ = {isa = PBXBuildFile; fileRef = 56EC71FE2C27F155005F8C6E /* AdventureStep.swift */; };
		56EC72012C27F18C005F8C6E /* AdventureLogic.swift in Sources */ = {isa = PBXBuildFile; fileRef = 56EC72002C27F18C005F8C6E /* AdventureLogic.swift */; };
/* End PBXBuildFile section */

/* Begin PBXContainerItemProxy section */
		56EC71E02C27C528005F8C6E /* PBXContainerItemProxy */ = {
			isa = PBXContainerItemProxy;
			containerPortal = 56EC71C12C27C525005F8C6E /* Project object */;
			proxyType = 1;
			remoteGlobalIDString = 56EC71C82C27C525005F8C6E;
			remoteInfo = "CPSC5330 Assignment 5";
		};
		56EC71EA2C27C528005F8C6E /* PBXContainerItemProxy */ = {
			isa = PBXContainerItemProxy;
			containerPortal = 56EC71C12C27C525005F8C6E /* Project object */;
			proxyType = 1;
			remoteGlobalIDString = 56EC71C82C27C525005F8C6E;
			remoteInfo = "CPSC5330 Assignment 5";
		};
/* End PBXContainerItemProxy section */

/* Begin PBXFileReference section */
		56EC71C92C27C525005F8C6E /* CPSC5330 Assignment 5.app */ = {isa = PBXFileReference; explicitFileType = wrapper.application; includeInIndex = 0; path = "CPSC5330 Assignment 5.app"; sourceTree = BUILT_PRODUCTS_DIR; };
		56EC71CC2C27C525005F8C6E /* AppDelegate.swift */ = {isa = PBXFileReference; lastKnownFileType = sourcecode.swift; path = AppDelegate.swift; sourceTree = "<group>"; };
		56EC71CE2C27C525005F8C6E /* SceneDelegate.swift */ = {isa = PBXFileReference; lastKnownFileType = sourcecode.swift; path = SceneDelegate.swift; sourceTree = "<group>"; };
		56EC71D02C27C525005F8C6E /* ViewController.swift */ = {isa = PBXFileReference; lastKnownFileType = sourcecode.swift; path = ViewController.swift; sourceTree = "<group>"; };
		56EC71D32C27C525005F8C6E /* Base */ = {isa = PBXFileReference; lastKnownFileType = file.storyboard; name = Base; path = Base.lproj/Main.storyboard; sourceTree = "<group>"; };
		56EC71D52C27C528005F8C6E /* Assets.xcassets */ = {isa = PBXFileReference; lastKnownFileType = folder.assetcatalog; path = Assets.xcassets; sourceTree = "<group>"; };
		56EC71D82C27C528005F8C6E /* Base */ = {isa = PBXFileReference; lastKnownFileType = file.storyboard; name = Base; path = Base.lproj/LaunchScreen.storyboard; sourceTree = "<group>"; };
		56EC71DA2C27C528005F8C6E /* Info.plist */ = {isa = PBXFileReference; lastKnownFileType = text.plist.xml; path = Info.plist; sourceTree = "<group>"; };
		56EC71DF2C27C528005F8C6E /* CPSC5330 Assignment 5Tests.xctest */ = {isa = PBXFileReference; explicitFileType = wrapper.cfbundle; includeInIndex = 0; path = "CPSC5330 Assignment 5Tests.xctest"; sourceTree = BUILT_PRODUCTS_DIR; };
		56EC71E32C27C528005F8C6E /* CPSC5330_Assignment_5Tests.swift */ = {isa = PBXFileReference; lastKnownFileType = sourcecode.swift; path = CPSC5330_Assignment_5Tests.swift; sourceTree = "<group>"; };
		56EC71E92C27C528005F8C6E /* CPSC5330 Assignment 5UITests.xctest */ = {isa = PBXFileReference; explicitFileType = wrapper.cfbundle; includeInIndex = 0; path = "CPSC5330 Assignment 5UITests.xctest"; sourceTree = BUILT_PRODUCTS_DIR; };
		56EC71ED2C27C528005F8C6E /* CPSC5330_Assignment_5UITests.swift */ = {isa = PBXFileReference; lastKnownFileType = sourcecode.swift; path = CPSC5330_Assignment_5UITests.swift; sourceTree = "<group>"; };
		56EC71EF2C27C528005F8C6E /* CPSC5330_Assignment_5UITestsLaunchTests.swift */ = {isa = PBXFileReference; lastKnownFileType = sourcecode.swift; path = CPSC5330_Assignment_5UITestsLaunchTests.swift; sourceTree = "<group>"; };
		56EC71FE2C27F155005F8C6E /* AdventureStep.swift */ = {isa = PBXFileReference; lastKnownFileType = sourcecode.swift; path = AdventureStep.swift; sourceTree = "<group>"; };
		56EC72002C27F18C005F8C6E /* AdventureLogic.swift */ = {isa = PBXFileReference; lastKnownFileType = sourcecode.swift; path = AdventureLogic.swift; sourceTree = "<group>"; };
/* End PBXFileReference section */

/* Begin PBXFrameworksBuildPhase section */
		56EC71C62C27C525005F8C6E /* Frameworks */ = {
			isa = PBXFrameworksBuildPhase;
			buildActionMask = 2147483647;
			files = (
			);
			runOnlyForDeploymentPostprocessing = 0;
		};
		56EC71DC2C27C528005F8C6E /* Frameworks */ = {
			isa = PBXFrameworksBuildPhase;
			buildActionMask = 2147483647;
			files = (
			);
			runOnlyForDeploymentPostprocessing = 0;
		};
		56EC71E62C27C528005F8C6E /* Frameworks */ = {
			isa = PBXFrameworksBuildPhase;
			buildActionMask = 2147483647;
			files = (
			);
			runOnlyForDeploymentPostprocessing = 0;
		};
/* End PBXFrameworksBuildPhase section */

/* Begin PBXGroup section */
		56EC71C02C27C525005F8C6E = {
			isa = PBXGroup;
			children = (
				56EC71CB2C27C525005F8C6E /* CPSC5330 Assignment 5 */,
				56EC71E22C27C528005F8C6E /* CPSC5330 Assignment 5Tests */,
				56EC71EC2C27C528005F8C6E /* CPSC5330 Assignment 5UITests */,
				56EC71CA2C27C525005F8C6E /* Products */,
			);
			sourceTree = "<group>";
		};
		56EC71CA2C27C525005F8C6E /* Products */ = {
			isa = PBXGroup;
			children = (
				56EC71C92C27C525005F8C6E /* CPSC5330 Assignment 5.app */,
				56EC71DF2C27C528005F8C6E /* CPSC5330 Assignment 5Tests.xctest */,
				56EC71E92C27C528005F8C6E /* CPSC5330 Assignment 5UITests.xctest */,
			);
			name = Products;
			sourceTree = "<group>";
		};
		56EC71CB2C27C525005F8C6E /* CPSC5330 Assignment 5 */ = {
			isa = PBXGroup;
			children = (
				56EC71FC2C27F093005F8C6E /* Model */,
				56EC71FD2C27F09C005F8C6E /* View */,
				56EC71CC2C27C525005F8C6E /* AppDelegate.swift */,
				56EC71CE2C27C525005F8C6E /* SceneDelegate.swift */,
				56EC71D22C27C525005F8C6E /* Main.storyboard */,
				56EC71D52C27C528005F8C6E /* Assets.xcassets */,
				56EC71D72C27C528005F8C6E /* LaunchScreen.storyboard */,
				56EC71DA2C27C528005F8C6E /* Info.plist */,
			);
			path = "CPSC5330 Assignment 5";
			sourceTree = "<group>";
		};
		56EC71E22C27C528005F8C6E /* CPSC5330 Assignment 5Tests */ = {
			isa = PBXGroup;
			children = (
				56EC71E32C27C528005F8C6E /* CPSC5330_Assignment_5Tests.swift */,
			);
			path = "CPSC5330 Assignment 5Tests";
			sourceTree = "<group>";
		};
		56EC71EC2C27C528005F8C6E /* CPSC5330 Assignment 5UITests */ = {
			isa = PBXGroup;
			children = (
				56EC71ED2C27C528005F8C6E /* CPSC5330_Assignment_5UITests.swift */,
				56EC71EF2C27C528005F8C6E /* CPSC5330_Assignment_5UITestsLaunchTests.swift */,
			);
			path = "CPSC5330 Assignment 5UITests";
			sourceTree = "<group>";
		};
		56EC71FC2C27F093005F8C6E /* Model */ = {
			isa = PBXGroup;
			children = (
				56EC71FE2C27F155005F8C6E /* AdventureStep.swift */,
				56EC72002C27F18C005F8C6E /* AdventureLogic.swift */,
			);
			path = Model;
			sourceTree = "<group>";
		};
		56EC71FD2C27F09C005F8C6E /* View */ = {
			isa = PBXGroup;
			children = (
				56EC71D02C27C525005F8C6E /* ViewController.swift */,
			);
			path = View;
			sourceTree = "<group>";
		};
/* End PBXGroup section */

/* Begin PBXNativeTarget section */
		56EC71C82C27C525005F8C6E /* CPSC5330 Assignment 5 */ = {
			isa = PBXNativeTarget;
			buildConfigurationList = 56EC71F32C27C528005F8C6E /* Build configuration list for PBXNativeTarget "CPSC5330 Assignment 5" */;
			buildPhases = (
				56EC71C52C27C525005F8C6E /* Sources */,
				56EC71C62C27C525005F8C6E /* Frameworks */,
				56EC71C72C27C525005F8C6E /* Resources */,
			);
			buildRules = (
			);
			dependencies = (
			);
			name = "CPSC5330 Assignment 5";
			productName = "CPSC5330 Assignment 5";
			productReference = 56EC71C92C27C525005F8C6E /* CPSC5330 Assignment 5.app */;
			productType = "com.apple.product-type.application";
		};
		56EC71DE2C27C528005F8C6E /* CPSC5330 Assignment 5Tests */ = {
			isa = PBXNativeTarget;
			buildConfigurationList = 56EC71F62C27C528005F8C6E /* Build configuration list for PBXNativeTarget "CPSC5330 Assignment 5Tests" */;
			buildPhases = (
				56EC71DB2C27C528005F8C6E /* Sources */,
				56EC71DC2C27C528005F8C6E /* Frameworks */,
				56EC71DD2C27C528005F8C6E /* Resources */,
			);
			buildRules = (
			);
			dependencies = (
				56EC71E12C27C528005F8C6E /* PBXTargetDependency */,
			);
			name = "CPSC5330 Assignment 5Tests";
			productName = "CPSC5330 Assignment 5Tests";
			productReference = 56EC71DF2C27C528005F8C6E /* CPSC5330 Assignment 5Tests.xctest */;
			productType = "com.apple.product-type.bundle.unit-test";
		};
		56EC71E82C27C528005F8C6E /* CPSC5330 Assignment 5UITests */ = {
			isa = PBXNativeTarget;
			buildConfigurationList = 56EC71F92C27C528005F8C6E /* Build configuration list for PBXNativeTarget "CPSC5330 Assignment 5UITests" */;
			buildPhases = (
				56EC71E52C27C528005F8C6E /* Sources */,
				56EC71E62C27C528005F8C6E /* Frameworks */,
				56EC71E72C27C528005F8C6E /* Resources */,
			);
			buildRules = (
			);
			dependencies = (
				56EC71EB2C27C528005F8C6E /* PBXTargetDependency */,
			);
			name = "CPSC5330 Assignment 5UITests";
			productName = "CPSC5330 Assignment 5UITests";
			productReference = 56EC71E92C27C528005F8C6E /* CPSC5330 Assignment 5UITests.xctest */;
			productType = "com.apple.product-type.bundle.ui-testing";
		};
/* End PBXNativeTarget section */

/* Begin PBXProject section */
		56EC71C12C27C525005F8C6E /* Project object */ = {
			isa = PBXProject;
			attributes = {
				BuildIndependentTargetsInParallel = 1;
				LastSwiftUpdateCheck = 1540;
				LastUpgradeCheck = 1540;
				TargetAttributes = {
					56EC71C82C27C525005F8C6E = {
						CreatedOnToolsVersion = 15.4;
					};
					56EC71DE2C27C528005F8C6E = {
						CreatedOnToolsVersion = 15.4;
						TestTargetID = 56EC71C82C27C525005F8C6E;
					};
					56EC71E82C27C528005F8C6E = {
						CreatedOnToolsVersion = 15.4;
						TestTargetID = 56EC71C82C27C525005F8C6E;
					};
				};
			};
			buildConfigurationList = 56EC71C42C27C525005F8C6E /* Build configuration list for PBXProject "CPSC5330 Assignment 5" */;
			compatibilityVersion = "Xcode 14.0";
			developmentRegion = en;
			hasScannedForEncodings = 0;
			knownRegions = (
				en,
				Base,
			);
			mainGroup = 56EC71C02C27C525005F8C6E;
			productRefGroup = 56EC71CA2C27C525005F8C6E /* Products */;
			projectDirPath = "";
			projectRoot = "";
			targets = (
				56EC71C82C27C525005F8C6E /* CPSC5330 Assignment 5 */,
				56EC71DE2C27C528005F8C6E /* CPSC5330 Assignment 5Tests */,
				56EC71E82C27C528005F8C6E /* CPSC5330 Assignment 5UITests */,
			);
		};
/* End PBXProject section */

/* Begin PBXResourcesBuildPhase section */
		56EC71C72C27C525005F8C6E /* Resources */ = {
			isa = PBXResourcesBuildPhase;
			buildActionMask = 2147483647;
			files = (
				56EC71D62C27C528005F8C6E /* Assets.xcassets in Resources */,
				56EC71D92C27C528005F8C6E /* Base in Resources */,
				56EC71D42C27C525005F8C6E /* Base in Resources */,
			);
			runOnlyForDeploymentPostprocessing = 0;
		};
		56EC71DD2C27C528005F8C6E /* Resources */ = {
			isa = PBXResourcesBuildPhase;
			buildActionMask = 2147483647;
			files = (
			);
			runOnlyForDeploymentPostprocessing = 0;
		};
		56EC71E72C27C528005F8C6E /* Resources */ = {
			isa = PBXResourcesBuildPhase;
			buildActionMask = 2147483647;
			files = (
			);
			runOnlyForDeploymentPostprocessing = 0;
		};
/* End PBXResourcesBuildPhase section */

/* Begin PBXSourcesBuildPhase section */
		56EC71C52C27C525005F8C6E /* Sources */ = {
			isa = PBXSourcesBuildPhase;
			buildActionMask = 2147483647;
			files = (
				56EC72012C27F18C005F8C6E /* AdventureLogic.swift in Sources */,
				56EC71FF2C27F156005F8C6E /* AdventureStep.swift in Sources */,
				56EC71D12C27C525005F8C6E /* ViewController.swift in Sources */,
				56EC71CD2C27C525005F8C6E /* AppDelegate.swift in Sources */,
				56EC71CF2C27C525005F8C6E /* SceneDelegate.swift in Sources */,
			);
			runOnlyForDeploymentPostprocessing = 0;
		};
		56EC71DB2C27C528005F8C6E /* Sources */ = {
			isa = PBXSourcesBuildPhase;
			buildActionMask = 2147483647;
			files = (
				56EC71E42C27C528005F8C6E /* CPSC5330_Assignment_5Tests.swift in Sources */,
			);
			runOnlyForDeploymentPostprocessing = 0;
		};
		56EC71E52C27C528005F8C6E /* Sources */ = {
			isa = PBXSourcesBuildPhase;
			buildActionMask = 2147483647;
			files = (
				56EC71EE2C27C528005F8C6E /* CPSC5330_Assignment_5UITests.swift in Sources */,
				56EC71F02C27C528005F8C6E /* CPSC5330_Assignment_5UITestsLaunchTests.swift in Sources */,
			);
			runOnlyForDeploymentPostprocessing = 0;
		};
/* End PBXSourcesBuildPhase section */

/* Begin PBXTargetDependency section */
		56EC71E12C27C528005F8C6E /* PBXTargetDependency */ = {
			isa = PBXTargetDependency;
			target = 56EC71C82C27C525005F8C6E /* CPSC5330 Assignment 5 */;
			targetProxy = 56EC71E02C27C528005F8C6E /* PBXContainerItemProxy */;
		};
		56EC71EB2C27C528005F8C6E /* PBXTargetDependency */ = {
			isa = PBXTargetDependency;
			target = 56EC71C82C27C525005F8C6E /* CPSC5330 Assignment 5 */;
			targetProxy = 56EC71EA2C27C528005F8C6E /* PBXContainerItemProxy */;
		};
/* End PBXTargetDependency section */

/* Begin PBXVariantGroup section */
		56EC71D22C27C525005F8C6E /* Main.storyboard */ = {
			isa = PBXVariantGroup;
			children = (
				56EC71D32C27C525005F8C6E /* Base */,
			);
			name = Main.storyboard;
			sourceTree = "<group>";
		};
		56EC71D72C27C528005F8C6E /* LaunchScreen.storyboard */ = {
			isa = PBXVariantGroup;
			children = (
				56EC71D82C27C528005F8C6E /* Base */,
			);
			name = LaunchScreen.storyboard;
			sourceTree = "<group>";
		};
/* End PBXVariantGroup section */

/* Begin XCBuildConfiguration section */
		56EC71F12C27C528005F8C6E /* Debug */ = {
			isa = XCBuildConfiguration;
			buildSettings = {
				ALWAYS_SEARCH_USER_PATHS = NO;
				ASSETCATALOG_COMPILER_GENERATE_SWIFT_ASSET_SYMBOL_EXTENSIONS = YES;
				CLANG_ANALYZER_NONNULL = YES;
				CLANG_ANALYZER_NUMBER_OBJECT_CONVERSION = YES_AGGRESSIVE;
				CLANG_CXX_LANGUAGE_STANDARD = "gnu++20";
				CLANG_ENABLE_MODULES = YES;
				CLANG_ENABLE_OBJC_ARC = YES;
				CLANG_ENABLE_OBJC_WEAK = YES;
				CLANG_WARN_BLOCK_CAPTURE_AUTORELEASING = YES;
				CLANG_WARN_BOOL_CONVERSION = YES;
				CLANG_WARN_COMMA = YES;
				CLANG_WARN_CONSTANT_CONVERSION = YES;
				CLANG_WARN_DEPRECATED_OBJC_IMPLEMENTATIONS = YES;
				CLANG_WARN_DIRECT_OBJC_ISA_USAGE = YES_ERROR;
				CLANG_WARN_DOCUMENTATION_COMMENTS = YES;
				CLANG_WARN_EMPTY_BODY = YES;
				CLANG_WARN_ENUM_CONVERSION = YES;
				CLANG_WARN_INFINITE_RECURSION = YES;
				CLANG_WARN_INT_CONVERSION = YES;
				CLANG_WARN_NON_LITERAL_NULL_CONVERSION = YES;
				CLANG_WARN_OBJC_IMPLICIT_RETAIN_SELF = YES;
				CLANG_WARN_OBJC_LITERAL_CONVERSION = YES;
				CLANG_WARN_OBJC_ROOT_CLASS = YES_ERROR;
				CLANG_WARN_QUOTED_INCLUDE_IN_FRAMEWORK_HEADER = YES;
				CLANG_WARN_RANGE_LOOP_ANALYSIS = YES;
				CLANG_WARN_STRICT_PROTOTYPES = YES;
				CLANG_WARN_SUSPICIOUS_MOVE = YES;
				CLANG_WARN_UNGUARDED_AVAILABILITY = YES_AGGRESSIVE;
				CLANG_WARN_UNREACHABLE_CODE = YES;
				CLANG_WARN__DUPLICATE_METHOD_MATCH = YES;
				COPY_PHASE_STRIP = NO;
				DEBUG_INFORMATION_FORMAT = dwarf;
				ENABLE_STRICT_OBJC_MSGSEND = YES;
				ENABLE_TESTABILITY = YES;
				ENABLE_USER_SCRIPT_SANDBOXING = YES;
				GCC_C_LANGUAGE_STANDARD = gnu17;
				GCC_DYNAMIC_NO_PIC = NO;
				GCC_NO_COMMON_BLOCKS = YES;
				GCC_OPTIMIZATION_LEVEL = 0;
				GCC_PREPROCESSOR_DEFINITIONS = (
					"DEBUG=1",
					"$(inherited)",
				);
				GCC_WARN_64_TO_32_BIT_CONVERSION = YES;
				GCC_WARN_ABOUT_RETURN_TYPE = YES_ERROR;
				GCC_WARN_UNDECLARED_SELECTOR = YES;
				GCC_WARN_UNINITIALIZED_AUTOS = YES_AGGRESSIVE;
				GCC_WARN_UNUSED_FUNCTION = YES;
				GCC_WARN_UNUSED_VARIABLE = YES;
				IPHONEOS_DEPLOYMENT_TARGET = 17.5;
				LOCALIZATION_PREFERS_STRING_CATALOGS = YES;
				MTL_ENABLE_DEBUG_INFO = INCLUDE_SOURCE;
				MTL_FAST_MATH = YES;
				ONLY_ACTIVE_ARCH = YES;
				SDKROOT = iphoneos;
				SWIFT_ACTIVE_COMPILATION_CONDITIONS = "DEBUG $(inherited)";
				SWIFT_OPTIMIZATION_LEVEL = "-Onone";
			};
			name = Debug;
		};
		56EC71F22C27C528005F8C6E /* Release */ = {
			isa = XCBuildConfiguration;
			buildSettings = {
				ALWAYS_SEARCH_USER_PATHS = NO;
				ASSETCATALOG_COMPILER_GENERATE_SWIFT_ASSET_SYMBOL_EXTENSIONS = YES;
				CLANG_ANALYZER_NONNULL = YES;
				CLANG_ANALYZER_NUMBER_OBJECT_CONVERSION = YES_AGGRESSIVE;
				CLANG_CXX_LANGUAGE_STANDARD = "gnu++20";
				CLANG_ENABLE_MODULES = YES;
				CLANG_ENABLE_OBJC_ARC = YES;
				CLANG_ENABLE_OBJC_WEAK = YES;
				CLANG_WARN_BLOCK_CAPTURE_AUTORELEASING = YES;
				CLANG_WARN_BOOL_CONVERSION = YES;
				CLANG_WARN_COMMA = YES;
				CLANG_WARN_CONSTANT_CONVERSION = YES;
				CLANG_WARN_DEPRECATED_OBJC_IMPLEMENTATIONS = YES;
				CLANG_WARN_DIRECT_OBJC_ISA_USAGE = YES_ERROR;
				CLANG_WARN_DOCUMENTATION_COMMENTS = YES;
				CLANG_WARN_EMPTY_BODY = YES;
				CLANG_WARN_ENUM_CONVERSION = YES;
				CLANG_WARN_INFINITE_RECURSION = YES;
				CLANG_WARN_INT_CONVERSION = YES;
				CLANG_WARN_NON_LITERAL_NULL_CONVERSION = YES;
				CLANG_WARN_OBJC_IMPLICIT_RETAIN_SELF = YES;
				CLANG_WARN_OBJC_LITERAL_CONVERSION = YES;
				CLANG_WARN_OBJC_ROOT_CLASS = YES_ERROR;
				CLANG_WARN_QUOTED_INCLUDE_IN_FRAMEWORK_HEADER = YES;
				CLANG_WARN_RANGE_LOOP_ANALYSIS = YES;
				CLANG_WARN_STRICT_PROTOTYPES = YES;
				CLANG_WARN_SUSPICIOUS_MOVE = YES;
				CLANG_WARN_UNGUARDED_AVAILABILITY = YES_AGGRESSIVE;
				CLANG_WARN_UNREACHABLE_CODE = YES;
				CLANG_WARN__DUPLICATE_METHOD_MATCH = YES;
				COPY_PHASE_STRIP = NO;
				DEBUG_INFORMATION_FORMAT = "dwarf-with-dsym";
				ENABLE_NS_ASSERTIONS = NO;
				ENABLE_STRICT_OBJC_MSGSEND = YES;
				ENABLE_USER_SCRIPT_SANDBOXING = YES;
				GCC_C_LANGUAGE_STANDARD = gnu17;
				GCC_NO_COMMON_BLOCKS = YES;
				GCC_WARN_64_TO_32_BIT_CONVERSION = YES;
				GCC_WARN_ABOUT_RETURN_TYPE = YES_ERROR;
				GCC_WARN_UNDECLARED_SELECTOR = YES;
				GCC_WARN_UNINITIALIZED_AUTOS = YES_AGGRESSIVE;
				GCC_WARN_UNUSED_FUNCTION = YES;
				GCC_WARN_UNUSED_VARIABLE = YES;
				IPHONEOS_DEPLOYMENT_TARGET = 17.5;
				LOCALIZATION_PREFERS_STRING_CATALOGS = YES;
				MTL_ENABLE_DEBUG_INFO = NO;
				MTL_FAST_MATH = YES;
				SDKROOT = iphoneos;
				SWIFT_COMPILATION_MODE = wholemodule;
				VALIDATE_PRODUCT = YES;
			};
			name = Release;
		};
		56EC71F42C27C528005F8C6E /* Debug */ = {
			isa = XCBuildConfiguration;
			buildSettings = {
				ASSETCATALOG_COMPILER_APPICON_NAME = AppIcon;
				ASSETCATALOG_COMPILER_GLOBAL_ACCENT_COLOR_NAME = AccentColor;
				CODE_SIGN_STYLE = Automatic;
				CURRENT_PROJECT_VERSION = 1;
				GENERATE_INFOPLIST_FILE = YES;
				INFOPLIST_FILE = "CPSC5330 Assignment 5/Info.plist";
				INFOPLIST_KEY_UIApplicationSupportsIndirectInputEvents = YES;
				INFOPLIST_KEY_UILaunchStoryboardName = LaunchScreen;
				INFOPLIST_KEY_UIMainStoryboardFile = Main;
				INFOPLIST_KEY_UISupportedInterfaceOrientations_iPad = "UIInterfaceOrientationPortrait UIInterfaceOrientationPortraitUpsideDown UIInterfaceOrientationLandscapeLeft UIInterfaceOrientationLandscapeRight";
				INFOPLIST_KEY_UISupportedInterfaceOrientations_iPhone = "UIInterfaceOrientationPortrait UIInterfaceOrientationLandscapeLeft UIInterfaceOrientationLandscapeRight";
				LD_RUNPATH_SEARCH_PATHS = (
					"$(inherited)",
					"@executable_path/Frameworks",
				);
				MARKETING_VERSION = 1.0;
				PRODUCT_BUNDLE_IDENTIFIER = "csp0015.CPSC5330-Assignment-5";
				PRODUCT_NAME = "$(TARGET_NAME)";
				SWIFT_EMIT_LOC_STRINGS = YES;
				SWIFT_VERSION = 5.0;
				TARGETED_DEVICE_FAMILY = "1,2";
			};
			name = Debug;
		};
		56EC71F52C27C528005F8C6E /* Release */ = {
			isa = XCBuildConfiguration;
			buildSettings = {
				ASSETCATALOG_COMPILER_APPICON_NAME = AppIcon;
				ASSETCATALOG_COMPILER_GLOBAL_ACCENT_COLOR_NAME = AccentColor;
				CODE_SIGN_STYLE = Automatic;
				CURRENT_PROJECT_VERSION = 1;
				GENERATE_INFOPLIST_FILE = YES;
				INFOPLIST_FILE = "CPSC5330 Assignment 5/Info.plist";
				INFOPLIST_KEY_UIApplicationSupportsIndirectInputEvents = YES;
				INFOPLIST_KEY_UILaunchStoryboardName = LaunchScreen;
				INFOPLIST_KEY_UIMainStoryboardFile = Main;
				INFOPLIST_KEY_UISupportedInterfaceOrientations_iPad = "UIInterfaceOrientationPortrait UIInterfaceOrientationPortraitUpsideDown UIInterfaceOrientationLandscapeLeft UIInterfaceOrientationLandscapeRight";
				INFOPLIST_KEY_UISupportedInterfaceOrientations_iPhone = "UIInterfaceOrientationPortrait UIInterfaceOrientationLandscapeLeft UIInterfaceOrientationLandscapeRight";
				LD_RUNPATH_SEARCH_PATHS = (
					"$(inherited)",
					"@executable_path/Frameworks",
				);
				MARKETING_VERSION = 1.0;
				PRODUCT_BUNDLE_IDENTIFIER = "csp0015.CPSC5330-Assignment-5";
				PRODUCT_NAME = "$(TARGET_NAME)";
				SWIFT_EMIT_LOC_STRINGS = YES;
				SWIFT_VERSION = 5.0;
				TARGETED_DEVICE_FAMILY = "1,2";
			};
			name = Release;
		};
		56EC71F72C27C528005F8C6E /* Debug */ = {
			isa = XCBuildConfiguration;
			buildSettings = {
				ALWAYS_EMBED_SWIFT_STANDARD_LIBRARIES = YES;
				BUNDLE_LOADER = "$(TEST_HOST)";
				CODE_SIGN_STYLE = Automatic;
				CURRENT_PROJECT_VERSION = 1;
				GENERATE_INFOPLIST_FILE = YES;
				IPHONEOS_DEPLOYMENT_TARGET = 17.5;
				MARKETING_VERSION = 1.0;
				PRODUCT_BUNDLE_IDENTIFIER = "csp0015.CPSC5330-Assignment-5Tests";
				PRODUCT_NAME = "$(TARGET_NAME)";
				SWIFT_EMIT_LOC_STRINGS = NO;
				SWIFT_VERSION = 5.0;
				TARGETED_DEVICE_FAMILY = "1,2";
				TEST_HOST = "$(BUILT_PRODUCTS_DIR)/CPSC5330 Assignment 5.app/$(BUNDLE_EXECUTABLE_FOLDER_PATH)/CPSC5330 Assignment 5";
			};
			name = Debug;
		};
		56EC71F82C27C528005F8C6E /* Release */ = {
			isa = XCBuildConfiguration;
			buildSettings = {
				ALWAYS_EMBED_SWIFT_STANDARD_LIBRARIES = YES;
				BUNDLE_LOADER = "$(TEST_HOST)";
				CODE_SIGN_STYLE = Automatic;
				CURRENT_PROJECT_VERSION = 1;
				GENERATE_INFOPLIST_FILE = YES;
				IPHONEOS_DEPLOYMENT_TARGET = 17.5;
				MARKETING_VERSION = 1.0;
				PRODUCT_BUNDLE_IDENTIFIER = "csp0015.CPSC5330-Assignment-5Tests";
				PRODUCT_NAME = "$(TARGET_NAME)";
				SWIFT_EMIT_LOC_STRINGS = NO;
				SWIFT_VERSION = 5.0;
				TARGETED_DEVICE_FAMILY = "1,2";
				TEST_HOST = "$(BUILT_PRODUCTS_DIR)/CPSC5330 Assignment 5.app/$(BUNDLE_EXECUTABLE_FOLDER_PATH)/CPSC5330 Assignment 5";
			};
			name = Release;
		};
		56EC71FA2C27C528005F8C6E /* Debug */ = {
			isa = XCBuildConfiguration;
			buildSettings = {
				ALWAYS_EMBED_SWIFT_STANDARD_LIBRARIES = YES;
				CODE_SIGN_STYLE = Automatic;
				CURRENT_PROJECT_VERSION = 1;
				GENERATE_INFOPLIST_FILE = YES;
				MARKETING_VERSION = 1.0;
				PRODUCT_BUNDLE_IDENTIFIER = "csp0015.CPSC5330-Assignment-5UITests";
				PRODUCT_NAME = "$(TARGET_NAME)";
				SWIFT_EMIT_LOC_STRINGS = NO;
				SWIFT_VERSION = 5.0;
				TARGETED_DEVICE_FAMILY = "1,2";
				TEST_TARGET_NAME = "CPSC5330 Assignment 5";
			};
			name = Debug;
		};
		56EC71FB2C27C528005F8C6E /* Release */ = {
			isa = XCBuildConfiguration;
			buildSettings = {
				ALWAYS_EMBED_SWIFT_STANDARD_LIBRARIES = YES;
				CODE_SIGN_STYLE = Automatic;
				CURRENT_PROJECT_VERSION = 1;
				GENERATE_INFOPLIST_FILE = YES;
				MARKETING_VERSION = 1.0;
				PRODUCT_BUNDLE_IDENTIFIER = "csp0015.CPSC5330-Assignment-5UITests";
				PRODUCT_NAME = "$(TARGET_NAME)";
				SWIFT_EMIT_LOC_STRINGS = NO;
				SWIFT_VERSION = 5.0;
				TARGETED_DEVICE_FAMILY = "1,2";
				TEST_TARGET_NAME = "CPSC5330 Assignment 5";
			};
			name = Release;
		};
/* End XCBuildConfiguration section */

/* Begin XCConfigurationList section */
		56EC71C42C27C525005F8C6E /* Build configuration list for PBXProject "CPSC5330 Assignment 5" */ = {
			isa = XCConfigurationList;
			buildConfigurations = (
				56EC71F12C27C528005F8C6E /* Debug */,
				56EC71F22C27C528005F8C6E /* Release */,
			);
			defaultConfigurationIsVisible = 0;
			defaultConfigurationName = Release;
		};
		56EC71F32C27C528005F8C6E /* Build configuration list for PBXNativeTarget "CPSC5330 Assignment 5" */ = {
			isa = XCConfigurationList;
			buildConfigurations = (
				56EC71F42C27C528005F8C6E /* Debug */,
				56EC71F52C27C528005F8C6E /* Release */,
			);
			defaultConfigurationIsVisible = 0;
			defaultConfigurationName = Release;
		};
		56EC71F62C27C528005F8C6E /* Build configuration list for PBXNativeTarget "CPSC5330 Assignment 5Tests" */ = {
			isa = XCConfigurationList;
			buildConfigurations = (
				56EC71F72C27C528005F8C6E /* Debug */,
				56EC71F82C27C528005F8C6E /* Release */,
			);
			defaultConfigurationIsVisible = 0;
			defaultConfigurationName = Release;
		};
		56EC71F92C27C528005F8C6E /* Build configuration list for PBXNativeTarget "CPSC5330 Assignment 5UITests" */ = {
			isa = XCConfigurationList;
			buildConfigurations = (
				56EC71FA2C27C528005F8C6E /* Debug */,
				56EC71FB2C27C528005F8C6E /* Release */,
			);
			defaultConfigurationIsVisible = 0;
			defaultConfigurationName = Release;
		};
/* End XCConfigurationList section */
	};
	rootObject = 56EC71C12C27C525005F8C6E /* Project object */;
}
